
Microsoft Visual Studio Solution File, Format Version 12.00
# Visual Studio Version 17
VisualStudioVersion = 17.11.35222.181
MinimumVisualStudioVersion = 10.0.40219.1
Project("{9A19103F-16F7-4668-BE54-9A1E7A4F7556}") = "Unilocker.Client", "Unilocker.Client.csproj", "{98B323D8-AECE-4710-ADAE-BC95C03DD298}"
EndProject
Global
	GlobalSection(SolutionConfigurationPlatforms) = preSolution
		Debug|Any CPU = Debug|Any CPU
		Release|Any CPU = Release|Any CPU
	EndGlobalSection
	GlobalSection(ProjectConfigurationPlatforms) = postSolution
		{98B323D8-AECE-4710-ADAE-BC95C03DD298}.Debug|Any CPU.ActiveCfg = Debug|Any CPU
		{98B323D8-AECE-4710-ADAE-BC95C03DD298}.Debug|Any CPU.Build.0 = Debug|Any CPU
		{98B323D8-AECE-4710-ADAE-BC95C03DD298}.Release|Any CPU.ActiveCfg = Release|Any CPU
		{98B323D8-AECE-4710-ADAE-BC95C03DD298}.Release|Any CPU.Build.0 = Release|Any CPU
	EndGlobalSection
	GlobalSection(SolutionProperties) = preSolution
		HideSolutionNode = FALSE
	EndGlobalSection
	GlobalSection(ExtensibilityGlobals) = postSolution
		SolutionGuid = {74CBACFD-7444-4D54-A1D8-71E00198AF1F}
	EndGlobalSection
EndGlobal
